
Microsoft Visual Studio Solution File, Format Version 12.00
# Visual Studio Version 17
VisualStudioVersion = 17.1.32407.343
MinimumVisualStudioVersion = 10.0.40219.1
Project("{FAE04EC0-301F-11D3-BF4B-00C04F79EFBC}") = "Exercicio3", "Exercicio3.csproj", "{5DF120CB-DE8E-4DB2-8D2F-BDCD3ECC4C23}"
EndProject
Global
	GlobalSection(SolutionConfigurationPlatforms) = preSolution
		Debug|Any CPU = Debug|Any CPU
		Release|Any CPU = Release|Any CPU
	EndGlobalSection
	GlobalSection(ProjectConfigurationPlatforms) = postSolution
		{5DF120CB-DE8E-4DB2-8D2F-BDCD3ECC4C23}.Debug|Any CPU.ActiveCfg = Debug|Any CPU
		{5DF120CB-DE8E-4DB2-8D2F-BDCD3ECC4C23}.Debug|Any CPU.Build.0 = Debug|Any CPU
		{5DF120CB-DE8E-4DB2-8D2F-BDCD3ECC4C23}.Release|Any CPU.ActiveCfg = Release|Any CPU
		{5DF120CB-DE8E-4DB2-8D2F-BDCD3ECC4C23}.Release|Any CPU.Build.0 = Release|Any CPU
	EndGlobalSection
	GlobalSection(SolutionProperties) = preSolution
		HideSolutionNode = FALSE
	EndGlobalSection
	GlobalSection(ExtensibilityGlobals) = postSolution
		SolutionGuid = {91B4EE82-D41C-4B67-A172-A3A66224A409}
	EndGlobalSection
EndGlobal
