
Microsoft Visual Studio Solution File, Format Version 12.00
# Visual Studio Version 17
VisualStudioVersion = 17.1.32407.343
MinimumVisualStudioVersion = 10.0.40219.1
Project("{FAE04EC0-301F-11D3-BF4B-00C04F79EFBC}") = "ConsoleEx1While", "ConsoleEx1While.csproj", "{0F1F067E-E9CA-4B02-8231-1A971AE03AED}"
EndProject
Global
	GlobalSection(SolutionConfigurationPlatforms) = preSolution
		Debug|Any CPU = Debug|Any CPU
		Release|Any CPU = Release|Any CPU
	EndGlobalSection
	GlobalSection(ProjectConfigurationPlatforms) = postSolution
		{0F1F067E-E9CA-4B02-8231-1A971AE03AED}.Debug|Any CPU.ActiveCfg = Debug|Any CPU
		{0F1F067E-E9CA-4B02-8231-1A971AE03AED}.Debug|Any CPU.Build.0 = Debug|Any CPU
		{0F1F067E-E9CA-4B02-8231-1A971AE03AED}.Release|Any CPU.ActiveCfg = Release|Any CPU
		{0F1F067E-E9CA-4B02-8231-1A971AE03AED}.Release|Any CPU.Build.0 = Release|Any CPU
	EndGlobalSection
	GlobalSection(SolutionProperties) = preSolution
		HideSolutionNode = FALSE
	EndGlobalSection
	GlobalSection(ExtensibilityGlobals) = postSolution
		SolutionGuid = {3BEBDA80-FCDF-45F2-83E5-374FCC3F2D20}
	EndGlobalSection
EndGlobal
