
Microsoft Visual Studio Solution File, Format Version 12.00
# Visual Studio Version 17
VisualStudioVersion = 17.1.32407.343
MinimumVisualStudioVersion = 10.0.40219.1
Project("{FAE04EC0-301F-11D3-BF4B-00C04F79EFBC}") = "ExemploSwitch", "ExemploSwitch.csproj", "{1FA5FACF-CD11-4708-902C-B09D45EAE1EA}"
EndProject
Global
	GlobalSection(SolutionConfigurationPlatforms) = preSolution
		Debug|Any CPU = Debug|Any CPU
		Release|Any CPU = Release|Any CPU
	EndGlobalSection
	GlobalSection(ProjectConfigurationPlatforms) = postSolution
		{1FA5FACF-CD11-4708-902C-B09D45EAE1EA}.Debug|Any CPU.ActiveCfg = Debug|Any CPU
		{1FA5FACF-CD11-4708-902C-B09D45EAE1EA}.Debug|Any CPU.Build.0 = Debug|Any CPU
		{1FA5FACF-CD11-4708-902C-B09D45EAE1EA}.Release|Any CPU.ActiveCfg = Release|Any CPU
		{1FA5FACF-CD11-4708-902C-B09D45EAE1EA}.Release|Any CPU.Build.0 = Release|Any CPU
	EndGlobalSection
	GlobalSection(SolutionProperties) = preSolution
		HideSolutionNode = FALSE
	EndGlobalSection
	GlobalSection(ExtensibilityGlobals) = postSolution
		SolutionGuid = {7EB31321-A895-4291-92E9-CDA8E65121E9}
	EndGlobalSection
EndGlobal
