
Microsoft Visual Studio Solution File, Format Version 12.00
# Visual Studio Version 17
VisualStudioVersion = 17.1.32407.343
MinimumVisualStudioVersion = 10.0.40219.1
Project("{FAE04EC0-301F-11D3-BF4B-00C04F79EFBC}") = "Exercicio16ForDoWhile", "Exercicio16ForDoWhile.csproj", "{04E4F693-CA80-49AA-9B2E-C208887F9004}"
EndProject
Global
	GlobalSection(SolutionConfigurationPlatforms) = preSolution
		Debug|Any CPU = Debug|Any CPU
		Release|Any CPU = Release|Any CPU
	EndGlobalSection
	GlobalSection(ProjectConfigurationPlatforms) = postSolution
		{04E4F693-CA80-49AA-9B2E-C208887F9004}.Debug|Any CPU.ActiveCfg = Debug|Any CPU
		{04E4F693-CA80-49AA-9B2E-C208887F9004}.Debug|Any CPU.Build.0 = Debug|Any CPU
		{04E4F693-CA80-49AA-9B2E-C208887F9004}.Release|Any CPU.ActiveCfg = Release|Any CPU
		{04E4F693-CA80-49AA-9B2E-C208887F9004}.Release|Any CPU.Build.0 = Release|Any CPU
	EndGlobalSection
	GlobalSection(SolutionProperties) = preSolution
		HideSolutionNode = FALSE
	EndGlobalSection
	GlobalSection(ExtensibilityGlobals) = postSolution
		SolutionGuid = {8402DD80-B88A-43C5-B622-777A1C80C49A}
	EndGlobalSection
EndGlobal
