
Microsoft Visual Studio Solution File, Format Version 12.00
# Visual Studio Version 17
VisualStudioVersion = 17.1.32407.343
MinimumVisualStudioVersion = 10.0.40219.1
Project("{FAE04EC0-301F-11D3-BF4B-00C04F79EFBC}") = "Exercicio4", "Exercicio4.csproj", "{0F38615B-ADE2-49C8-B487-447373763838}"
EndProject
Global
	GlobalSection(SolutionConfigurationPlatforms) = preSolution
		Debug|Any CPU = Debug|Any CPU
		Release|Any CPU = Release|Any CPU
	EndGlobalSection
	GlobalSection(ProjectConfigurationPlatforms) = postSolution
		{0F38615B-ADE2-49C8-B487-447373763838}.Debug|Any CPU.ActiveCfg = Debug|Any CPU
		{0F38615B-ADE2-49C8-B487-447373763838}.Debug|Any CPU.Build.0 = Debug|Any CPU
		{0F38615B-ADE2-49C8-B487-447373763838}.Release|Any CPU.ActiveCfg = Release|Any CPU
		{0F38615B-ADE2-49C8-B487-447373763838}.Release|Any CPU.Build.0 = Release|Any CPU
	EndGlobalSection
	GlobalSection(SolutionProperties) = preSolution
		HideSolutionNode = FALSE
	EndGlobalSection
	GlobalSection(ExtensibilityGlobals) = postSolution
		SolutionGuid = {EDA4844C-50AF-48E2-9FDC-0698255559A7}
	EndGlobalSection
EndGlobal
