
Microsoft Visual Studio Solution File, Format Version 12.00
# Visual Studio Version 17
VisualStudioVersion = 17.1.32407.343
MinimumVisualStudioVersion = 10.0.40219.1
Project("{FAE04EC0-301F-11D3-BF4B-00C04F79EFBC}") = "Exercicio5", "Exercicio5.csproj", "{B59488EA-B654-4DD6-95D7-A1187AE36874}"
EndProject
Global
	GlobalSection(SolutionConfigurationPlatforms) = preSolution
		Debug|Any CPU = Debug|Any CPU
		Release|Any CPU = Release|Any CPU
	EndGlobalSection
	GlobalSection(ProjectConfigurationPlatforms) = postSolution
		{B59488EA-B654-4DD6-95D7-A1187AE36874}.Debug|Any CPU.ActiveCfg = Debug|Any CPU
		{B59488EA-B654-4DD6-95D7-A1187AE36874}.Debug|Any CPU.Build.0 = Debug|Any CPU
		{B59488EA-B654-4DD6-95D7-A1187AE36874}.Release|Any CPU.ActiveCfg = Release|Any CPU
		{B59488EA-B654-4DD6-95D7-A1187AE36874}.Release|Any CPU.Build.0 = Release|Any CPU
	EndGlobalSection
	GlobalSection(SolutionProperties) = preSolution
		HideSolutionNode = FALSE
	EndGlobalSection
	GlobalSection(ExtensibilityGlobals) = postSolution
		SolutionGuid = {FF89FB4C-821E-46B2-BDF5-3FD1B2E68FFB}
	EndGlobalSection
EndGlobal
