
Microsoft Visual Studio Solution File, Format Version 12.00
# Visual Studio Version 17
VisualStudioVersion = 17.1.32407.343
MinimumVisualStudioVersion = 10.0.40219.1
Project("{FAE04EC0-301F-11D3-BF4B-00C04F79EFBC}") = "Ecxercicio15ForDoWhile", "Ecxercicio15ForDoWhile.csproj", "{8D557F26-7F6E-4B1E-8770-B3D9C8A87AB4}"
EndProject
Global
	GlobalSection(SolutionConfigurationPlatforms) = preSolution
		Debug|Any CPU = Debug|Any CPU
		Release|Any CPU = Release|Any CPU
	EndGlobalSection
	GlobalSection(ProjectConfigurationPlatforms) = postSolution
		{8D557F26-7F6E-4B1E-8770-B3D9C8A87AB4}.Debug|Any CPU.ActiveCfg = Debug|Any CPU
		{8D557F26-7F6E-4B1E-8770-B3D9C8A87AB4}.Debug|Any CPU.Build.0 = Debug|Any CPU
		{8D557F26-7F6E-4B1E-8770-B3D9C8A87AB4}.Release|Any CPU.ActiveCfg = Release|Any CPU
		{8D557F26-7F6E-4B1E-8770-B3D9C8A87AB4}.Release|Any CPU.Build.0 = Release|Any CPU
	EndGlobalSection
	GlobalSection(SolutionProperties) = preSolution
		HideSolutionNode = FALSE
	EndGlobalSection
	GlobalSection(ExtensibilityGlobals) = postSolution
		SolutionGuid = {57F89318-0E70-4968-9BC0-438981BA27EE}
	EndGlobalSection
EndGlobal
