
Microsoft Visual Studio Solution File, Format Version 12.00
# Visual Studio Version 17
VisualStudioVersion = 17.1.32407.343
MinimumVisualStudioVersion = 10.0.40219.1
Project("{FAE04EC0-301F-11D3-BF4B-00C04F79EFBC}") = "ExercicioDesafio7", "ExercicioDesafio7.csproj", "{98651FA6-57F6-4F63-8399-34BD15BF6735}"
EndProject
Global
	GlobalSection(SolutionConfigurationPlatforms) = preSolution
		Debug|Any CPU = Debug|Any CPU
		Release|Any CPU = Release|Any CPU
	EndGlobalSection
	GlobalSection(ProjectConfigurationPlatforms) = postSolution
		{98651FA6-57F6-4F63-8399-34BD15BF6735}.Debug|Any CPU.ActiveCfg = Debug|Any CPU
		{98651FA6-57F6-4F63-8399-34BD15BF6735}.Debug|Any CPU.Build.0 = Debug|Any CPU
		{98651FA6-57F6-4F63-8399-34BD15BF6735}.Release|Any CPU.ActiveCfg = Release|Any CPU
		{98651FA6-57F6-4F63-8399-34BD15BF6735}.Release|Any CPU.Build.0 = Release|Any CPU
	EndGlobalSection
	GlobalSection(SolutionProperties) = preSolution
		HideSolutionNode = FALSE
	EndGlobalSection
	GlobalSection(ExtensibilityGlobals) = postSolution
		SolutionGuid = {8C4494E7-8B8D-4862-9934-A73A4ED80B30}
	EndGlobalSection
EndGlobal
