
Microsoft Visual Studio Solution File, Format Version 12.00
# Visual Studio Version 17
VisualStudioVersion = 17.1.32407.343
MinimumVisualStudioVersion = 10.0.40219.1
Project("{FAE04EC0-301F-11D3-BF4B-00C04F79EFBC}") = "CadastroUsuarioForms", "CadastroUsuarioForms.csproj", "{8FD750F7-02DA-46DA-A5BC-846E50964733}"
EndProject
Global
	GlobalSection(SolutionConfigurationPlatforms) = preSolution
		Debug|Any CPU = Debug|Any CPU
		Release|Any CPU = Release|Any CPU
	EndGlobalSection
	GlobalSection(ProjectConfigurationPlatforms) = postSolution
		{8FD750F7-02DA-46DA-A5BC-846E50964733}.Debug|Any CPU.ActiveCfg = Debug|Any CPU
		{8FD750F7-02DA-46DA-A5BC-846E50964733}.Debug|Any CPU.Build.0 = Debug|Any CPU
		{8FD750F7-02DA-46DA-A5BC-846E50964733}.Release|Any CPU.ActiveCfg = Release|Any CPU
		{8FD750F7-02DA-46DA-A5BC-846E50964733}.Release|Any CPU.Build.0 = Release|Any CPU
	EndGlobalSection
	GlobalSection(SolutionProperties) = preSolution
		HideSolutionNode = FALSE
	EndGlobalSection
	GlobalSection(ExtensibilityGlobals) = postSolution
		SolutionGuid = {CF3B73E1-4E5E-4295-AC39-381D1B2CB2EE}
	EndGlobalSection
EndGlobal
