
Microsoft Visual Studio Solution File, Format Version 12.00
# Visual Studio Version 17
VisualStudioVersion = 17.1.32407.343
MinimumVisualStudioVersion = 10.0.40219.1
Project("{FAE04EC0-301F-11D3-BF4B-00C04F79EFBC}") = "EFCoreRelacionamento", "EFCoreRelacionamento.csproj", "{C7D47491-3476-4EE8-86A2-99C1E9C4BCF6}"
EndProject
Global
	GlobalSection(SolutionConfigurationPlatforms) = preSolution
		Debug|Any CPU = Debug|Any CPU
		Release|Any CPU = Release|Any CPU
	EndGlobalSection
	GlobalSection(ProjectConfigurationPlatforms) = postSolution
		{C7D47491-3476-4EE8-86A2-99C1E9C4BCF6}.Debug|Any CPU.ActiveCfg = Debug|Any CPU
		{C7D47491-3476-4EE8-86A2-99C1E9C4BCF6}.Debug|Any CPU.Build.0 = Debug|Any CPU
		{C7D47491-3476-4EE8-86A2-99C1E9C4BCF6}.Release|Any CPU.ActiveCfg = Release|Any CPU
		{C7D47491-3476-4EE8-86A2-99C1E9C4BCF6}.Release|Any CPU.Build.0 = Release|Any CPU
	EndGlobalSection
	GlobalSection(SolutionProperties) = preSolution
		HideSolutionNode = FALSE
	EndGlobalSection
	GlobalSection(ExtensibilityGlobals) = postSolution
		SolutionGuid = {73E4FAE1-D175-4679-AD3B-BB0248B8150F}
	EndGlobalSection
EndGlobal
