
Microsoft Visual Studio Solution File, Format Version 12.00
# Visual Studio Version 17
VisualStudioVersion = 17.1.32407.343
MinimumVisualStudioVersion = 10.0.40219.1
Project("{FAE04EC0-301F-11D3-BF4B-00C04F79EFBC}") = "ClasseDisciplina", "ClasseDisciplina.csproj", "{78422308-6846-4531-9693-36D85AE6A2FE}"
EndProject
Global
	GlobalSection(SolutionConfigurationPlatforms) = preSolution
		Debug|Any CPU = Debug|Any CPU
		Release|Any CPU = Release|Any CPU
	EndGlobalSection
	GlobalSection(ProjectConfigurationPlatforms) = postSolution
		{78422308-6846-4531-9693-36D85AE6A2FE}.Debug|Any CPU.ActiveCfg = Debug|Any CPU
		{78422308-6846-4531-9693-36D85AE6A2FE}.Debug|Any CPU.Build.0 = Debug|Any CPU
		{78422308-6846-4531-9693-36D85AE6A2FE}.Release|Any CPU.ActiveCfg = Release|Any CPU
		{78422308-6846-4531-9693-36D85AE6A2FE}.Release|Any CPU.Build.0 = Release|Any CPU
	EndGlobalSection
	GlobalSection(SolutionProperties) = preSolution
		HideSolutionNode = FALSE
	EndGlobalSection
	GlobalSection(ExtensibilityGlobals) = postSolution
		SolutionGuid = {BCBDB135-3D36-4F36-A902-0E7DBB78DE69}
	EndGlobalSection
EndGlobal
