
Microsoft Visual Studio Solution File, Format Version 12.00
# Visual Studio Version 17
VisualStudioVersion = 17.1.32407.343
MinimumVisualStudioVersion = 10.0.40219.1
Project("{FAE04EC0-301F-11D3-BF4B-00C04F79EFBC}") = "Exercicio15", "Exercicio15.csproj", "{10B20604-ADFF-438A-B4F1-771C53C3C458}"
EndProject
Global
	GlobalSection(SolutionConfigurationPlatforms) = preSolution
		Debug|Any CPU = Debug|Any CPU
		Release|Any CPU = Release|Any CPU
	EndGlobalSection
	GlobalSection(ProjectConfigurationPlatforms) = postSolution
		{10B20604-ADFF-438A-B4F1-771C53C3C458}.Debug|Any CPU.ActiveCfg = Debug|Any CPU
		{10B20604-ADFF-438A-B4F1-771C53C3C458}.Debug|Any CPU.Build.0 = Debug|Any CPU
		{10B20604-ADFF-438A-B4F1-771C53C3C458}.Release|Any CPU.ActiveCfg = Release|Any CPU
		{10B20604-ADFF-438A-B4F1-771C53C3C458}.Release|Any CPU.Build.0 = Release|Any CPU
	EndGlobalSection
	GlobalSection(SolutionProperties) = preSolution
		HideSolutionNode = FALSE
	EndGlobalSection
	GlobalSection(ExtensibilityGlobals) = postSolution
		SolutionGuid = {6F8AEBF5-B9E0-4A58-9F33-CD25C6FE2353}
	EndGlobalSection
EndGlobal
