
Microsoft Visual Studio Solution File, Format Version 12.00
# Visual Studio Version 17
VisualStudioVersion = 17.1.32407.343
MinimumVisualStudioVersion = 10.0.40219.1
Project("{FAE04EC0-301F-11D3-BF4B-00C04F79EFBC}") = "GestaoGaragemForms", "GestaoGaragemForms.csproj", "{FFCB6771-24A8-4097-A6B1-403AD6C7D441}"
EndProject
Global
	GlobalSection(SolutionConfigurationPlatforms) = preSolution
		Debug|Any CPU = Debug|Any CPU
		Release|Any CPU = Release|Any CPU
	EndGlobalSection
	GlobalSection(ProjectConfigurationPlatforms) = postSolution
		{FFCB6771-24A8-4097-A6B1-403AD6C7D441}.Debug|Any CPU.ActiveCfg = Debug|Any CPU
		{FFCB6771-24A8-4097-A6B1-403AD6C7D441}.Debug|Any CPU.Build.0 = Debug|Any CPU
		{FFCB6771-24A8-4097-A6B1-403AD6C7D441}.Release|Any CPU.ActiveCfg = Release|Any CPU
		{FFCB6771-24A8-4097-A6B1-403AD6C7D441}.Release|Any CPU.Build.0 = Release|Any CPU
	EndGlobalSection
	GlobalSection(SolutionProperties) = preSolution
		HideSolutionNode = FALSE
	EndGlobalSection
	GlobalSection(ExtensibilityGlobals) = postSolution
		SolutionGuid = {B3B86324-A404-429E-80A5-AD095E919AAF}
	EndGlobalSection
EndGlobal
