
Microsoft Visual Studio Solution File, Format Version 12.00
# Visual Studio Version 17
VisualStudioVersion = 17.1.32407.343
MinimumVisualStudioVersion = 10.0.40219.1
Project("{FAE04EC0-301F-11D3-BF4B-00C04F79EFBC}") = "Drop2Email", "Drop2Email.csproj", "{3F826965-0C43-4876-87A1-A5F5FBC284DC}"
EndProject
Global
	GlobalSection(SolutionConfigurationPlatforms) = preSolution
		Debug|Any CPU = Debug|Any CPU
		Release|Any CPU = Release|Any CPU
	EndGlobalSection
	GlobalSection(ProjectConfigurationPlatforms) = postSolution
		{3F826965-0C43-4876-87A1-A5F5FBC284DC}.Debug|Any CPU.ActiveCfg = Debug|Any CPU
		{3F826965-0C43-4876-87A1-A5F5FBC284DC}.Debug|Any CPU.Build.0 = Debug|Any CPU
		{3F826965-0C43-4876-87A1-A5F5FBC284DC}.Release|Any CPU.ActiveCfg = Release|Any CPU
		{3F826965-0C43-4876-87A1-A5F5FBC284DC}.Release|Any CPU.Build.0 = Release|Any CPU
	EndGlobalSection
	GlobalSection(SolutionProperties) = preSolution
		HideSolutionNode = FALSE
	EndGlobalSection
	GlobalSection(ExtensibilityGlobals) = postSolution
		SolutionGuid = {81982A80-9E5E-4EFD-AE62-F6E2BC4B8765}
	EndGlobalSection
EndGlobal
