
Microsoft Visual Studio Solution File, Format Version 12.00
# Visual Studio Version 17
VisualStudioVersion = 17.1.32407.343
MinimumVisualStudioVersion = 10.0.40219.1
Project("{FAE04EC0-301F-11D3-BF4B-00C04F79EFBC}") = "Exercicio20", "Exercicio20.csproj", "{FADFB785-7F2B-4127-97CF-9D618FBAD46D}"
EndProject
Global
	GlobalSection(SolutionConfigurationPlatforms) = preSolution
		Debug|Any CPU = Debug|Any CPU
		Release|Any CPU = Release|Any CPU
	EndGlobalSection
	GlobalSection(ProjectConfigurationPlatforms) = postSolution
		{FADFB785-7F2B-4127-97CF-9D618FBAD46D}.Debug|Any CPU.ActiveCfg = Debug|Any CPU
		{FADFB785-7F2B-4127-97CF-9D618FBAD46D}.Debug|Any CPU.Build.0 = Debug|Any CPU
		{FADFB785-7F2B-4127-97CF-9D618FBAD46D}.Release|Any CPU.ActiveCfg = Release|Any CPU
		{FADFB785-7F2B-4127-97CF-9D618FBAD46D}.Release|Any CPU.Build.0 = Release|Any CPU
	EndGlobalSection
	GlobalSection(SolutionProperties) = preSolution
		HideSolutionNode = FALSE
	EndGlobalSection
	GlobalSection(ExtensibilityGlobals) = postSolution
		SolutionGuid = {934EAE80-2D0C-4927-BEBF-8596B003718B}
	EndGlobalSection
EndGlobal
