
Microsoft Visual Studio Solution File, Format Version 12.00
# Visual Studio Version 17
VisualStudioVersion = 17.1.32407.343
MinimumVisualStudioVersion = 10.0.40219.1
Project("{FAE04EC0-301F-11D3-BF4B-00C04F79EFBC}") = "Exercicio10ForDoWhile", "Exercicio10ForDoWhile.csproj", "{DBE311C0-0F6C-49D1-BB88-481EA4F77785}"
EndProject
Global
	GlobalSection(SolutionConfigurationPlatforms) = preSolution
		Debug|Any CPU = Debug|Any CPU
		Release|Any CPU = Release|Any CPU
	EndGlobalSection
	GlobalSection(ProjectConfigurationPlatforms) = postSolution
		{DBE311C0-0F6C-49D1-BB88-481EA4F77785}.Debug|Any CPU.ActiveCfg = Debug|Any CPU
		{DBE311C0-0F6C-49D1-BB88-481EA4F77785}.Debug|Any CPU.Build.0 = Debug|Any CPU
		{DBE311C0-0F6C-49D1-BB88-481EA4F77785}.Release|Any CPU.ActiveCfg = Release|Any CPU
		{DBE311C0-0F6C-49D1-BB88-481EA4F77785}.Release|Any CPU.Build.0 = Release|Any CPU
	EndGlobalSection
	GlobalSection(SolutionProperties) = preSolution
		HideSolutionNode = FALSE
	EndGlobalSection
	GlobalSection(ExtensibilityGlobals) = postSolution
		SolutionGuid = {6EC0F5DD-E20D-4255-AAC9-DDD2F3818E1E}
	EndGlobalSection
EndGlobal
