
Microsoft Visual Studio Solution File, Format Version 12.00
# Visual Studio Version 17
VisualStudioVersion = 17.1.32407.343
MinimumVisualStudioVersion = 10.0.40219.1
Project("{FAE04EC0-301F-11D3-BF4B-00C04F79EFBC}") = "Exercicio5ForDoWhiile", "Exercicio5ForDoWhiile.csproj", "{6DCA309B-A7D1-4C17-9F03-85CCF67E134D}"
EndProject
Global
	GlobalSection(SolutionConfigurationPlatforms) = preSolution
		Debug|Any CPU = Debug|Any CPU
		Release|Any CPU = Release|Any CPU
	EndGlobalSection
	GlobalSection(ProjectConfigurationPlatforms) = postSolution
		{6DCA309B-A7D1-4C17-9F03-85CCF67E134D}.Debug|Any CPU.ActiveCfg = Debug|Any CPU
		{6DCA309B-A7D1-4C17-9F03-85CCF67E134D}.Debug|Any CPU.Build.0 = Debug|Any CPU
		{6DCA309B-A7D1-4C17-9F03-85CCF67E134D}.Release|Any CPU.ActiveCfg = Release|Any CPU
		{6DCA309B-A7D1-4C17-9F03-85CCF67E134D}.Release|Any CPU.Build.0 = Release|Any CPU
	EndGlobalSection
	GlobalSection(SolutionProperties) = preSolution
		HideSolutionNode = FALSE
	EndGlobalSection
	GlobalSection(ExtensibilityGlobals) = postSolution
		SolutionGuid = {35B4F009-150C-466D-9679-26D89D025602}
	EndGlobalSection
EndGlobal
