
Microsoft Visual Studio Solution File, Format Version 12.00
# Visual Studio Version 17
VisualStudioVersion = 17.1.32407.343
MinimumVisualStudioVersion = 10.0.40219.1
Project("{FAE04EC0-301F-11D3-BF4B-00C04F79EFBC}") = "ManipulandoString", "ManipulandoString.csproj", "{A81F09C4-84CF-4E10-A6AE-33E4BE085C58}"
EndProject
Global
	GlobalSection(SolutionConfigurationPlatforms) = preSolution
		Debug|Any CPU = Debug|Any CPU
		Release|Any CPU = Release|Any CPU
	EndGlobalSection
	GlobalSection(ProjectConfigurationPlatforms) = postSolution
		{A81F09C4-84CF-4E10-A6AE-33E4BE085C58}.Debug|Any CPU.ActiveCfg = Debug|Any CPU
		{A81F09C4-84CF-4E10-A6AE-33E4BE085C58}.Debug|Any CPU.Build.0 = Debug|Any CPU
		{A81F09C4-84CF-4E10-A6AE-33E4BE085C58}.Release|Any CPU.ActiveCfg = Release|Any CPU
		{A81F09C4-84CF-4E10-A6AE-33E4BE085C58}.Release|Any CPU.Build.0 = Release|Any CPU
	EndGlobalSection
	GlobalSection(SolutionProperties) = preSolution
		HideSolutionNode = FALSE
	EndGlobalSection
	GlobalSection(ExtensibilityGlobals) = postSolution
		SolutionGuid = {EC057843-4A5C-4124-AA22-EAC4F4C5E422}
	EndGlobalSection
EndGlobal
