
Microsoft Visual Studio Solution File, Format Version 12.00
# Visual Studio Version 17
VisualStudioVersion = 17.1.32407.343
MinimumVisualStudioVersion = 10.0.40219.1
Project("{FAE04EC0-301F-11D3-BF4B-00C04F79EFBC}") = "Desafio5EscreverArquivo", "Desafio5EscreverArquivo.csproj", "{EBEEE669-0119-434A-BD0A-641AF0E43A59}"
EndProject
Global
	GlobalSection(SolutionConfigurationPlatforms) = preSolution
		Debug|Any CPU = Debug|Any CPU
		Release|Any CPU = Release|Any CPU
	EndGlobalSection
	GlobalSection(ProjectConfigurationPlatforms) = postSolution
		{EBEEE669-0119-434A-BD0A-641AF0E43A59}.Debug|Any CPU.ActiveCfg = Debug|Any CPU
		{EBEEE669-0119-434A-BD0A-641AF0E43A59}.Debug|Any CPU.Build.0 = Debug|Any CPU
		{EBEEE669-0119-434A-BD0A-641AF0E43A59}.Release|Any CPU.ActiveCfg = Release|Any CPU
		{EBEEE669-0119-434A-BD0A-641AF0E43A59}.Release|Any CPU.Build.0 = Release|Any CPU
	EndGlobalSection
	GlobalSection(SolutionProperties) = preSolution
		HideSolutionNode = FALSE
	EndGlobalSection
	GlobalSection(ExtensibilityGlobals) = postSolution
		SolutionGuid = {CD9B4795-E665-4E06-802D-62D1E4DCFDEB}
	EndGlobalSection
EndGlobal
