
Microsoft Visual Studio Solution File, Format Version 12.00
# Visual Studio Version 17
VisualStudioVersion = 17.1.32407.343
MinimumVisualStudioVersion = 10.0.40219.1
Project("{FAE04EC0-301F-11D3-BF4B-00C04F79EFBC}") = "DesafioGaragem", "DesafioGaragem.csproj", "{F53212E3-3963-4455-9924-86CA8231CEB5}"
EndProject
Global
	GlobalSection(SolutionConfigurationPlatforms) = preSolution
		Debug|Any CPU = Debug|Any CPU
		Release|Any CPU = Release|Any CPU
	EndGlobalSection
	GlobalSection(ProjectConfigurationPlatforms) = postSolution
		{F53212E3-3963-4455-9924-86CA8231CEB5}.Debug|Any CPU.ActiveCfg = Debug|Any CPU
		{F53212E3-3963-4455-9924-86CA8231CEB5}.Debug|Any CPU.Build.0 = Debug|Any CPU
		{F53212E3-3963-4455-9924-86CA8231CEB5}.Release|Any CPU.ActiveCfg = Release|Any CPU
		{F53212E3-3963-4455-9924-86CA8231CEB5}.Release|Any CPU.Build.0 = Release|Any CPU
	EndGlobalSection
	GlobalSection(SolutionProperties) = preSolution
		HideSolutionNode = FALSE
	EndGlobalSection
	GlobalSection(ExtensibilityGlobals) = postSolution
		SolutionGuid = {2E76096E-0AA2-4896-A875-919A9CEA840F}
	EndGlobalSection
EndGlobal
