
Microsoft Visual Studio Solution File, Format Version 12.00
# Visual Studio Version 17
VisualStudioVersion = 17.1.32407.343
MinimumVisualStudioVersion = 10.0.40219.1
Project("{FAE04EC0-301F-11D3-BF4B-00C04F79EFBC}") = "18a_WinFormsApp_Entity_CodeFirst", "18a_WinFormsApp_Entity_CodeFirst.csproj", "{B758EE3D-983D-4934-9217-A23D8DBDA451}"
EndProject
Global
	GlobalSection(SolutionConfigurationPlatforms) = preSolution
		Debug|Any CPU = Debug|Any CPU
		Release|Any CPU = Release|Any CPU
	EndGlobalSection
	GlobalSection(ProjectConfigurationPlatforms) = postSolution
		{B758EE3D-983D-4934-9217-A23D8DBDA451}.Debug|Any CPU.ActiveCfg = Debug|Any CPU
		{B758EE3D-983D-4934-9217-A23D8DBDA451}.Debug|Any CPU.Build.0 = Debug|Any CPU
		{B758EE3D-983D-4934-9217-A23D8DBDA451}.Release|Any CPU.ActiveCfg = Release|Any CPU
		{B758EE3D-983D-4934-9217-A23D8DBDA451}.Release|Any CPU.Build.0 = Release|Any CPU
	EndGlobalSection
	GlobalSection(SolutionProperties) = preSolution
		HideSolutionNode = FALSE
	EndGlobalSection
	GlobalSection(ExtensibilityGlobals) = postSolution
		SolutionGuid = {C98F47E8-9A0F-48F1-8799-D6569E1EFF0F}
	EndGlobalSection
EndGlobal
