
Microsoft Visual Studio Solution File, Format Version 12.00
# Visual Studio Version 17
VisualStudioVersion = 17.1.32407.343
MinimumVisualStudioVersion = 10.0.40219.1
Project("{FAE04EC0-301F-11D3-BF4B-00C04F79EFBC}") = "Exercicio11", "Exercicio11.csproj", "{E09AF4F8-8E37-4D95-89D2-4C52864ACFC2}"
EndProject
Global
	GlobalSection(SolutionConfigurationPlatforms) = preSolution
		Debug|Any CPU = Debug|Any CPU
		Release|Any CPU = Release|Any CPU
	EndGlobalSection
	GlobalSection(ProjectConfigurationPlatforms) = postSolution
		{E09AF4F8-8E37-4D95-89D2-4C52864ACFC2}.Debug|Any CPU.ActiveCfg = Debug|Any CPU
		{E09AF4F8-8E37-4D95-89D2-4C52864ACFC2}.Debug|Any CPU.Build.0 = Debug|Any CPU
		{E09AF4F8-8E37-4D95-89D2-4C52864ACFC2}.Release|Any CPU.ActiveCfg = Release|Any CPU
		{E09AF4F8-8E37-4D95-89D2-4C52864ACFC2}.Release|Any CPU.Build.0 = Release|Any CPU
	EndGlobalSection
	GlobalSection(SolutionProperties) = preSolution
		HideSolutionNode = FALSE
	EndGlobalSection
	GlobalSection(ExtensibilityGlobals) = postSolution
		SolutionGuid = {DDB2D68E-0E55-4C6E-A060-5407DF3B23E3}
	EndGlobalSection
EndGlobal
