
Microsoft Visual Studio Solution File, Format Version 12.00
# Visual Studio Version 17
VisualStudioVersion = 17.1.32407.343
MinimumVisualStudioVersion = 10.0.40219.1
Project("{FAE04EC0-301F-11D3-BF4B-00C04F79EFBC}") = "Exercicio2", "Exercicio2.csproj", "{1E4B0BD4-7E1E-4535-84D6-96D27FAE904D}"
EndProject
Global
	GlobalSection(SolutionConfigurationPlatforms) = preSolution
		Debug|Any CPU = Debug|Any CPU
		Release|Any CPU = Release|Any CPU
	EndGlobalSection
	GlobalSection(ProjectConfigurationPlatforms) = postSolution
		{1E4B0BD4-7E1E-4535-84D6-96D27FAE904D}.Debug|Any CPU.ActiveCfg = Debug|Any CPU
		{1E4B0BD4-7E1E-4535-84D6-96D27FAE904D}.Debug|Any CPU.Build.0 = Debug|Any CPU
		{1E4B0BD4-7E1E-4535-84D6-96D27FAE904D}.Release|Any CPU.ActiveCfg = Release|Any CPU
		{1E4B0BD4-7E1E-4535-84D6-96D27FAE904D}.Release|Any CPU.Build.0 = Release|Any CPU
	EndGlobalSection
	GlobalSection(SolutionProperties) = preSolution
		HideSolutionNode = FALSE
	EndGlobalSection
	GlobalSection(ExtensibilityGlobals) = postSolution
		SolutionGuid = {75EE2F98-E034-4C0C-85AB-233B7AF230A8}
	EndGlobalSection
EndGlobal
