
Microsoft Visual Studio Solution File, Format Version 12.00
# Visual Studio Version 17
VisualStudioVersion = 17.1.32407.343
MinimumVisualStudioVersion = 10.0.40219.1
Project("{FAE04EC0-301F-11D3-BF4B-00C04F79EFBC}") = "Exercicio11ForDoWhile", "Exercicio11ForDoWhile.csproj", "{2CA15E56-2C47-47D6-8F48-A89A72154E49}"
EndProject
Global
	GlobalSection(SolutionConfigurationPlatforms) = preSolution
		Debug|Any CPU = Debug|Any CPU
		Release|Any CPU = Release|Any CPU
	EndGlobalSection
	GlobalSection(ProjectConfigurationPlatforms) = postSolution
		{2CA15E56-2C47-47D6-8F48-A89A72154E49}.Debug|Any CPU.ActiveCfg = Debug|Any CPU
		{2CA15E56-2C47-47D6-8F48-A89A72154E49}.Debug|Any CPU.Build.0 = Debug|Any CPU
		{2CA15E56-2C47-47D6-8F48-A89A72154E49}.Release|Any CPU.ActiveCfg = Release|Any CPU
		{2CA15E56-2C47-47D6-8F48-A89A72154E49}.Release|Any CPU.Build.0 = Release|Any CPU
	EndGlobalSection
	GlobalSection(SolutionProperties) = preSolution
		HideSolutionNode = FALSE
	EndGlobalSection
	GlobalSection(ExtensibilityGlobals) = postSolution
		SolutionGuid = {72C7F70D-AF42-48AE-B9B3-2CDB42E7E386}
	EndGlobalSection
EndGlobal
