
Microsoft Visual Studio Solution File, Format Version 12.00
# Visual Studio Version 17
VisualStudioVersion = 17.1.32407.343
MinimumVisualStudioVersion = 10.0.40219.1
Project("{FAE04EC0-301F-11D3-BF4B-00C04F79EFBC}") = "Pessoa", "Pessoa.csproj", "{B963942E-9C58-4C85-9EDE-B16942BBB256}"
EndProject
Global
	GlobalSection(SolutionConfigurationPlatforms) = preSolution
		Debug|Any CPU = Debug|Any CPU
		Release|Any CPU = Release|Any CPU
	EndGlobalSection
	GlobalSection(ProjectConfigurationPlatforms) = postSolution
		{B963942E-9C58-4C85-9EDE-B16942BBB256}.Debug|Any CPU.ActiveCfg = Debug|Any CPU
		{B963942E-9C58-4C85-9EDE-B16942BBB256}.Debug|Any CPU.Build.0 = Debug|Any CPU
		{B963942E-9C58-4C85-9EDE-B16942BBB256}.Release|Any CPU.ActiveCfg = Release|Any CPU
		{B963942E-9C58-4C85-9EDE-B16942BBB256}.Release|Any CPU.Build.0 = Release|Any CPU
	EndGlobalSection
	GlobalSection(SolutionProperties) = preSolution
		HideSolutionNode = FALSE
	EndGlobalSection
	GlobalSection(ExtensibilityGlobals) = postSolution
		SolutionGuid = {B0BFA0CD-2C98-4E13-AE78-EC80943E286A}
	EndGlobalSection
EndGlobal
