
Microsoft Visual Studio Solution File, Format Version 12.00
# Visual Studio Version 17
VisualStudioVersion = 17.1.32407.343
MinimumVisualStudioVersion = 10.0.40219.1
Project("{FAE04EC0-301F-11D3-BF4B-00C04F79EFBC}") = "Exercicio1ForWhile", "Exercicio1ForWhile.csproj", "{7CC16D1D-12FA-4A52-AB06-5602E577E543}"
EndProject
Global
	GlobalSection(SolutionConfigurationPlatforms) = preSolution
		Debug|Any CPU = Debug|Any CPU
		Release|Any CPU = Release|Any CPU
	EndGlobalSection
	GlobalSection(ProjectConfigurationPlatforms) = postSolution
		{7CC16D1D-12FA-4A52-AB06-5602E577E543}.Debug|Any CPU.ActiveCfg = Debug|Any CPU
		{7CC16D1D-12FA-4A52-AB06-5602E577E543}.Debug|Any CPU.Build.0 = Debug|Any CPU
		{7CC16D1D-12FA-4A52-AB06-5602E577E543}.Release|Any CPU.ActiveCfg = Release|Any CPU
		{7CC16D1D-12FA-4A52-AB06-5602E577E543}.Release|Any CPU.Build.0 = Release|Any CPU
	EndGlobalSection
	GlobalSection(SolutionProperties) = preSolution
		HideSolutionNode = FALSE
	EndGlobalSection
	GlobalSection(ExtensibilityGlobals) = postSolution
		SolutionGuid = {78A7521A-C469-47D2-A81B-67F7405C0A38}
	EndGlobalSection
EndGlobal
